
Microsoft Visual Studio Solution File, Format Version 12.00
# Visual Studio Version 17
VisualStudioVersion = 17.7.34221.43
MinimumVisualStudioVersion = 10.0.40219.1
Project("{9A19103F-16F7-4668-BE54-9A1E7A4F7556}") = "BlogSpot", "BlogSpot\BlogSpot.csproj", "{AAD416D2-4A1E-4C3D-AF38-102F56949DDB}"
EndProject
Project("{9A19103F-16F7-4668-BE54-9A1E7A4F7556}") = "BlogSpotMvc", "BlogSpotMvc\BlogSpotMvc.csproj", "{D28DFAC9-BCBA-4413-8F60-396ED9F619F4}"
EndProject
Global
	GlobalSection(SolutionConfigurationPlatforms) = preSolution
		Debug|Any CPU = Debug|Any CPU
		Release|Any CPU = Release|Any CPU
	EndGlobalSection
	GlobalSection(ProjectConfigurationPlatforms) = postSolution
		{AAD416D2-4A1E-4C3D-AF38-102F56949DDB}.Debug|Any CPU.ActiveCfg = Debug|Any CPU
		{AAD416D2-4A1E-4C3D-AF38-102F56949DDB}.Debug|Any CPU.Build.0 = Debug|Any CPU
		{AAD416D2-4A1E-4C3D-AF38-102F56949DDB}.Release|Any CPU.ActiveCfg = Release|Any CPU
		{AAD416D2-4A1E-4C3D-AF38-102F56949DDB}.Release|Any CPU.Build.0 = Release|Any CPU
		{D28DFAC9-BCBA-4413-8F60-396ED9F619F4}.Debug|Any CPU.ActiveCfg = Debug|Any CPU
		{D28DFAC9-BCBA-4413-8F60-396ED9F619F4}.Debug|Any CPU.Build.0 = Debug|Any CPU
		{D28DFAC9-BCBA-4413-8F60-396ED9F619F4}.Release|Any CPU.ActiveCfg = Release|Any CPU
		{D28DFAC9-BCBA-4413-8F60-396ED9F619F4}.Release|Any CPU.Build.0 = Release|Any CPU
	EndGlobalSection
	GlobalSection(SolutionProperties) = preSolution
		HideSolutionNode = FALSE
	EndGlobalSection
	GlobalSection(ExtensibilityGlobals) = postSolution
		SolutionGuid = {9CD3AEDA-C937-423E-982C-CC46F0EE4603}
	EndGlobalSection
EndGlobal
